
Microsoft Visual Studio Solution File, Format Version 12.00
# Visual Studio 2013
Project("{FAE04EC0-301F-11D3-BF4B-00C04F79EFBC}") = "UnityVS.WhereDoWeGoNow.CSharp", "UnityVS.WhereDoWeGoNow.CSharp.csproj", "{067EE485-FBAC-00B6-F856-A44180581E11}"
EndProject
Project("{FAE04EC0-301F-11D3-BF4B-00C04F79EFBC}") = "UnityVS.WhereDoWeGoNow.CSharp.Editor", "UnityVS.WhereDoWeGoNow.CSharp.Editor.csproj", "{F96E1021-6B54-7116-7B11-124AB9C81016}"
EndProject
Global
	GlobalSection(SolutionConfigurationPlatforms) = preSolution
		Debug|Any CPU = Debug|Any CPU
		Release|Any CPU = Release|Any CPU
	EndGlobalSection
	GlobalSection(ProjectConfigurationPlatforms) = postSolution
		{067EE485-FBAC-00B6-F856-A44180581E11}.Debug|Any CPU.ActiveCfg = Debug|Any CPU
		{067EE485-FBAC-00B6-F856-A44180581E11}.Debug|Any CPU.Build.0 = Debug|Any CPU
		{067EE485-FBAC-00B6-F856-A44180581E11}.Release|Any CPU.ActiveCfg = Release|Any CPU
		{067EE485-FBAC-00B6-F856-A44180581E11}.Release|Any CPU.Build.0 = Release|Any CPU
		{F96E1021-6B54-7116-7B11-124AB9C81016}.Debug|Any CPU.ActiveCfg = Debug|Any CPU
		{F96E1021-6B54-7116-7B11-124AB9C81016}.Debug|Any CPU.Build.0 = Debug|Any CPU
		{F96E1021-6B54-7116-7B11-124AB9C81016}.Release|Any CPU.ActiveCfg = Release|Any CPU
		{F96E1021-6B54-7116-7B11-124AB9C81016}.Release|Any CPU.Build.0 = Release|Any CPU
	EndGlobalSection
	GlobalSection(SolutionProperties) = preSolution
		HideSolutionNode = FALSE
	EndGlobalSection
EndGlobal
